
Microsoft Visual Studio Solution File, Format Version 12.00
# Visual Studio 2012
Project("{FAE04EC0-301F-11D3-BF4B-00C04F79EFBC}") = "Ninject.Extensions.Quartz", "Source\Ninject.Extensions.Quartz\Ninject.Extensions.Quartz.csproj", "{26E7335D-C92D-4CDF-89B7-DC93EC34BDB5}"
EndProject
Global
	GlobalSection(SolutionConfigurationPlatforms) = preSolution
		Debug|Any CPU = Debug|Any CPU
		Release|Any CPU = Release|Any CPU
	EndGlobalSection
	GlobalSection(ProjectConfigurationPlatforms) = postSolution
		{26E7335D-C92D-4CDF-89B7-DC93EC34BDB5}.Debug|Any CPU.ActiveCfg = Debug|Any CPU
		{26E7335D-C92D-4CDF-89B7-DC93EC34BDB5}.Debug|Any CPU.Build.0 = Debug|Any CPU
		{26E7335D-C92D-4CDF-89B7-DC93EC34BDB5}.Release|Any CPU.ActiveCfg = Release|Any CPU
		{26E7335D-C92D-4CDF-89B7-DC93EC34BDB5}.Release|Any CPU.Build.0 = Release|Any CPU
	EndGlobalSection
	GlobalSection(SolutionProperties) = preSolution
		HideSolutionNode = FALSE
	EndGlobalSection
EndGlobal
